// !$*UTF8*$!
{
	archiveVersion = 1;
	classes = {
	};
	objectVersion = 50;
	objects = {

/* Begin PBXBuildFile section */
		427183002424E0C700E9138E /* AppDelegate.swift in Sources */ = {isa = PBXBuildFile; fileRef = 427182FF2424E0C700E9138E /* AppDelegate.swift */; };
		427183022424E0C700E9138E /* ViewController.swift in Sources */ = {isa = PBXBuildFile; fileRef = 427183012424E0C700E9138E /* ViewController.swift */; };
		427183042424E0CC00E9138E /* Assets.xcassets in Resources */ = {isa = PBXBuildFile; fileRef = 427183032424E0CC00E9138E /* Assets.xcassets */; };
		427183072424E0CC00E9138E /* Main.storyboard in Resources */ = {isa = PBXBuildFile; fileRef = 427183052424E0CC00E9138E /* Main.storyboard */; };
		427183102424E3DE00E9138E /* CrashView.swift in Sources */ = {isa = PBXBuildFile; fileRef = 4271830F2424E3DE00E9138E /* CrashView.swift */; };
		427183122424E56B00E9138E /* tiles in Resources */ = {isa = PBXBuildFile; fileRef = 427183112424E56B00E9138E /* tiles */; };
		427183142424E8A700E9138E /* Window.swift in Sources */ = {isa = PBXBuildFile; fileRef = 427183132424E8A700E9138E /* Window.swift */; };
		427183162424F54700E9138E /* Animation.swift in Sources */ = {isa = PBXBuildFile; fileRef = 427183152424F54700E9138E /* Animation.swift */; };
		4272451C24251A79009E0D3C /* sounds in Resources */ = {isa = PBXBuildFile; fileRef = 4272451B24251A79009E0D3C /* sounds */; };
		4272451E242525CD009E0D3C /* Starling.swift in Sources */ = {isa = PBXBuildFile; fileRef = 4272451D242525CD009E0D3C /* Starling.swift */; };
		4296B68424250F3400AF0D5B /* OptionsViewController.swift in Sources */ = {isa = PBXBuildFile; fileRef = 4296B68324250F3400AF0D5B /* OptionsViewController.swift */; };
		4296B68624250FB800AF0D5B /* Options.swift in Sources */ = {isa = PBXBuildFile; fileRef = 4296B68524250FB800AF0D5B /* Options.swift */; };
		4296B688242517CA00AF0D5B /* SoundEffect.swift in Sources */ = {isa = PBXBuildFile; fileRef = 4296B687242517CA00AF0D5B /* SoundEffect.swift */; };
/* End PBXBuildFile section */

/* Begin PBXFileReference section */
		427182FC2424E0C700E9138E /* CrashBandicooter.app */ = {isa = PBXFileReference; explicitFileType = wrapper.application; includeInIndex = 0; path = CrashBandicooter.app; sourceTree = BUILT_PRODUCTS_DIR; };
		427182FF2424E0C700E9138E /* AppDelegate.swift */ = {isa = PBXFileReference; lastKnownFileType = sourcecode.swift; path = AppDelegate.swift; sourceTree = "<group>"; };
		427183012424E0C700E9138E /* ViewController.swift */ = {isa = PBXFileReference; lastKnownFileType = sourcecode.swift; path = ViewController.swift; sourceTree = "<group>"; };
		427183032424E0CC00E9138E /* Assets.xcassets */ = {isa = PBXFileReference; lastKnownFileType = folder.assetcatalog; path = Assets.xcassets; sourceTree = "<group>"; };
		427183062424E0CC00E9138E /* Base */ = {isa = PBXFileReference; lastKnownFileType = file.storyboard; name = Base; path = Base.lproj/Main.storyboard; sourceTree = "<group>"; };
		427183082424E0CC00E9138E /* Info.plist */ = {isa = PBXFileReference; lastKnownFileType = text.plist.xml; path = Info.plist; sourceTree = "<group>"; };
		427183092424E0CC00E9138E /* CrashBandicooter.entitlements */ = {isa = PBXFileReference; lastKnownFileType = text.plist.entitlements; path = CrashBandicooter.entitlements; sourceTree = "<group>"; };
		4271830F2424E3DE00E9138E /* CrashView.swift */ = {isa = PBXFileReference; lastKnownFileType = sourcecode.swift; path = CrashView.swift; sourceTree = "<group>"; };
		427183112424E56B00E9138E /* tiles */ = {isa = PBXFileReference; lastKnownFileType = folder; path = tiles; sourceTree = "<group>"; };
		427183132424E8A700E9138E /* Window.swift */ = {isa = PBXFileReference; lastKnownFileType = sourcecode.swift; path = Window.swift; sourceTree = "<group>"; };
		427183152424F54700E9138E /* Animation.swift */ = {isa = PBXFileReference; lastKnownFileType = sourcecode.swift; path = Animation.swift; sourceTree = "<group>"; };
		4272451B24251A79009E0D3C /* sounds */ = {isa = PBXFileReference; lastKnownFileType = folder; path = sounds; sourceTree = "<group>"; };
		4272451D242525CD009E0D3C /* Starling.swift */ = {isa = PBXFileReference; lastKnownFileType = sourcecode.swift; path = Starling.swift; sourceTree = "<group>"; };
		4296B68324250F3400AF0D5B /* OptionsViewController.swift */ = {isa = PBXFileReference; lastKnownFileType = sourcecode.swift; path = OptionsViewController.swift; sourceTree = "<group>"; };
		4296B68524250FB800AF0D5B /* Options.swift */ = {isa = PBXFileReference; lastKnownFileType = sourcecode.swift; path = Options.swift; sourceTree = "<group>"; };
		4296B687242517CA00AF0D5B /* SoundEffect.swift */ = {isa = PBXFileReference; lastKnownFileType = sourcecode.swift; path = SoundEffect.swift; sourceTree = "<group>"; };
/* End PBXFileReference section */

/* Begin PBXFrameworksBuildPhase section */
		427182F92424E0C700E9138E /* Frameworks */ = {
			isa = PBXFrameworksBuildPhase;
			buildActionMask = 2147483647;
			files = (
			);
			runOnlyForDeploymentPostprocessing = 0;
		};
/* End PBXFrameworksBuildPhase section */

/* Begin PBXGroup section */
		427182F32424E0C600E9138E = {
			isa = PBXGroup;
			children = (
				427182FE2424E0C700E9138E /* CrashBandicooter */,
				427182FD2424E0C700E9138E /* Products */,
			);
			sourceTree = "<group>";
		};
		427182FD2424E0C700E9138E /* Products */ = {
			isa = PBXGroup;
			children = (
				427182FC2424E0C700E9138E /* CrashBandicooter.app */,
			);
			name = Products;
			sourceTree = "<group>";
		};
		427182FE2424E0C700E9138E /* CrashBandicooter */ = {
			isa = PBXGroup;
			children = (
				427182FF2424E0C700E9138E /* AppDelegate.swift */,
				427183132424E8A700E9138E /* Window.swift */,
				427183012424E0C700E9138E /* ViewController.swift */,
				4271830F2424E3DE00E9138E /* CrashView.swift */,
				4296B68524250FB800AF0D5B /* Options.swift */,
				4296B68324250F3400AF0D5B /* OptionsViewController.swift */,
				4296B687242517CA00AF0D5B /* SoundEffect.swift */,
				427183152424F54700E9138E /* Animation.swift */,
				4272451D242525CD009E0D3C /* Starling.swift */,
				427183032424E0CC00E9138E /* Assets.xcassets */,
				427183052424E0CC00E9138E /* Main.storyboard */,
				427183082424E0CC00E9138E /* Info.plist */,
				427183092424E0CC00E9138E /* CrashBandicooter.entitlements */,
				4272451B24251A79009E0D3C /* sounds */,
				427183112424E56B00E9138E /* tiles */,
			);
			path = CrashBandicooter;
			sourceTree = "<group>";
		};
/* End PBXGroup section */

/* Begin PBXNativeTarget section */
		427182FB2424E0C700E9138E /* CrashBandicooter */ = {
			isa = PBXNativeTarget;
			buildConfigurationList = 4271830C2424E0CC00E9138E /* Build configuration list for PBXNativeTarget "CrashBandicooter" */;
			buildPhases = (
				427182F82424E0C700E9138E /* Sources */,
				427182F92424E0C700E9138E /* Frameworks */,
				427182FA2424E0C700E9138E /* Resources */,
			);
			buildRules = (
			);
			dependencies = (
			);
			name = CrashBandicooter;
			productName = CrashBandicooter;
			productReference = 427182FC2424E0C700E9138E /* CrashBandicooter.app */;
			productType = "com.apple.product-type.application";
		};
/* End PBXNativeTarget section */

/* Begin PBXProject section */
		427182F42424E0C600E9138E /* Project object */ = {
			isa = PBXProject;
			attributes = {
				LastSwiftUpdateCheck = 1130;
				LastUpgradeCheck = 1130;
				ORGANIZATIONNAME = "Joshua May";
				TargetAttributes = {
					427182FB2424E0C700E9138E = {
						CreatedOnToolsVersion = 11.3.1;
					};
				};
			};
			buildConfigurationList = 427182F72424E0C600E9138E /* Build configuration list for PBXProject "CrashBandicooter" */;
			compatibilityVersion = "Xcode 9.3";
			developmentRegion = en;
			hasScannedForEncodings = 0;
			knownRegions = (
				en,
				Base,
			);
			mainGroup = 427182F32424E0C600E9138E;
			productRefGroup = 427182FD2424E0C700E9138E /* Products */;
			projectDirPath = "";
			projectRoot = "";
			targets = (
				427182FB2424E0C700E9138E /* CrashBandicooter */,
			);
		};
/* End PBXProject section */

/* Begin PBXResourcesBuildPhase section */
		427182FA2424E0C700E9138E /* Resources */ = {
			isa = PBXResourcesBuildPhase;
			buildActionMask = 2147483647;
			files = (
				427183122424E56B00E9138E /* tiles in Resources */,
				427183042424E0CC00E9138E /* Assets.xcassets in Resources */,
				4272451C24251A79009E0D3C /* sounds in Resources */,
				427183072424E0CC00E9138E /* Main.storyboard in Resources */,
			);
			runOnlyForDeploymentPostprocessing = 0;
		};
/* End PBXResourcesBuildPhase section */

/* Begin PBXSourcesBuildPhase section */
		427182F82424E0C700E9138E /* Sources */ = {
			isa = PBXSourcesBuildPhase;
			buildActionMask = 2147483647;
			files = (
				427183022424E0C700E9138E /* ViewController.swift in Sources */,
				427183162424F54700E9138E /* Animation.swift in Sources */,
				4296B68424250F3400AF0D5B /* OptionsViewController.swift in Sources */,
				427183002424E0C700E9138E /* AppDelegate.swift in Sources */,
				4272451E242525CD009E0D3C /* Starling.swift in Sources */,
				427183102424E3DE00E9138E /* CrashView.swift in Sources */,
				427183142424E8A700E9138E /* Window.swift in Sources */,
				4296B68624250FB800AF0D5B /* Options.swift in Sources */,
				4296B688242517CA00AF0D5B /* SoundEffect.swift in Sources */,
			);
			runOnlyForDeploymentPostprocessing = 0;
		};
/* End PBXSourcesBuildPhase section */

/* Begin PBXVariantGroup section */
		427183052424E0CC00E9138E /* Main.storyboard */ = {
			isa = PBXVariantGroup;
			children = (
				427183062424E0CC00E9138E /* Base */,
			);
			name = Main.storyboard;
			sourceTree = "<group>";
		};
/* End PBXVariantGroup section */

/* Begin XCBuildConfiguration section */
		4271830A2424E0CC00E9138E /* Debug */ = {
			isa = XCBuildConfiguration;
			buildSettings = {
				ALWAYS_SEARCH_USER_PATHS = NO;
				CLANG_ANALYZER_NONNULL = YES;
				CLANG_ANALYZER_NUMBER_OBJECT_CONVERSION = YES_AGGRESSIVE;
				CLANG_CXX_LANGUAGE_STANDARD = "gnu++14";
				CLANG_CXX_LIBRARY = "libc++";
				CLANG_ENABLE_MODULES = YES;
				CLANG_ENABLE_OBJC_ARC = YES;
				CLANG_ENABLE_OBJC_WEAK = YES;
				CLANG_WARN_BLOCK_CAPTURE_AUTORELEASING = YES;
				CLANG_WARN_BOOL_CONVERSION = YES;
				CLANG_WARN_COMMA = YES;
				CLANG_WARN_CONSTANT_CONVERSION = YES;
				CLANG_WARN_DEPRECATED_OBJC_IMPLEMENTATIONS = YES;
				CLANG_WARN_DIRECT_OBJC_ISA_USAGE = YES_ERROR;
				CLANG_WARN_DOCUMENTATION_COMMENTS = YES;
				CLANG_WARN_EMPTY_BODY = YES;
				CLANG_WARN_ENUM_CONVERSION = YES;
				CLANG_WARN_INFINITE_RECURSION = YES;
				CLANG_WARN_INT_CONVERSION = YES;
				CLANG_WARN_NON_LITERAL_NULL_CONVERSION = YES;
				CLANG_WARN_OBJC_IMPLICIT_RETAIN_SELF = YES;
				CLANG_WARN_OBJC_LITERAL_CONVERSION = YES;
				CLANG_WARN_OBJC_ROOT_CLASS = YES_ERROR;
				CLANG_WARN_RANGE_LOOP_ANALYSIS = YES;
				CLANG_WARN_STRICT_PROTOTYPES = YES;
				CLANG_WARN_SUSPICIOUS_MOVE = YES;
				CLANG_WARN_UNGUARDED_AVAILABILITY = YES_AGGRESSIVE;
				CLANG_WARN_UNREACHABLE_CODE = YES;
				CLANG_WARN__DUPLICATE_METHOD_MATCH = YES;
				COPY_PHASE_STRIP = NO;
				DEBUG_INFORMATION_FORMAT = dwarf;
				ENABLE_STRICT_OBJC_MSGSEND = YES;
				ENABLE_TESTABILITY = YES;
				GCC_C_LANGUAGE_STANDARD = gnu11;
				GCC_DYNAMIC_NO_PIC = NO;
				GCC_NO_COMMON_BLOCKS = YES;
				GCC_OPTIMIZATION_LEVEL = 0;
				GCC_PREPROCESSOR_DEFINITIONS = (
					"DEBUG=1",
					"$(inherited)",
				);
				GCC_WARN_64_TO_32_BIT_CONVERSION = YES;
				GCC_WARN_ABOUT_RETURN_TYPE = YES_ERROR;
				GCC_WARN_UNDECLARED_SELECTOR = YES;
				GCC_WARN_UNINITIALIZED_AUTOS = YES_AGGRESSIVE;
				GCC_WARN_UNUSED_FUNCTION = YES;
				GCC_WARN_UNUSED_VARIABLE = YES;
				MACOSX_DEPLOYMENT_TARGET = 10.15;
				MTL_ENABLE_DEBUG_INFO = INCLUDE_SOURCE;
				MTL_FAST_MATH = YES;
				ONLY_ACTIVE_ARCH = YES;
				SDKROOT = macosx;
				SWIFT_ACTIVE_COMPILATION_CONDITIONS = DEBUG;
				SWIFT_OPTIMIZATION_LEVEL = "-Onone";
			};
			name = Debug;
		};
		4271830B2424E0CC00E9138E /* Release */ = {
			isa = XCBuildConfiguration;
			buildSettings = {
				ALWAYS_SEARCH_USER_PATHS = NO;
				CLANG_ANALYZER_NONNULL = YES;
				CLANG_ANALYZER_NUMBER_OBJECT_CONVERSION = YES_AGGRESSIVE;
				CLANG_CXX_LANGUAGE_STANDARD = "gnu++14";
				CLANG_CXX_LIBRARY = "libc++";
				CLANG_ENABLE_MODULES = YES;
				CLANG_ENABLE_OBJC_ARC = YES;
				CLANG_ENABLE_OBJC_WEAK = YES;
				CLANG_WARN_BLOCK_CAPTURE_AUTORELEASING = YES;
				CLANG_WARN_BOOL_CONVERSION = YES;
				CLANG_WARN_COMMA = YES;
				CLANG_WARN_CONSTANT_CONVERSION = YES;
				CLANG_WARN_DEPRECATED_OBJC_IMPLEMENTATIONS = YES;
				CLANG_WARN_DIRECT_OBJC_ISA_USAGE = YES_ERROR;
				CLANG_WARN_DOCUMENTATION_COMMENTS = YES;
				CLANG_WARN_EMPTY_BODY = YES;
				CLANG_WARN_ENUM_CONVERSION = YES;
				CLANG_WARN_INFINITE_RECURSION = YES;
				CLANG_WARN_INT_CONVERSION = YES;
				CLANG_WARN_NON_LITERAL_NULL_CONVERSION = YES;
				CLANG_WARN_OBJC_IMPLICIT_RETAIN_SELF = YES;
				CLANG_WARN_OBJC_LITERAL_CONVERSION = YES;
				CLANG_WARN_OBJC_ROOT_CLASS = YES_ERROR;
				CLANG_WARN_RANGE_LOOP_ANALYSIS = YES;
				CLANG_WARN_STRICT_PROTOTYPES = YES;
				CLANG_WARN_SUSPICIOUS_MOVE = YES;
				CLANG_WARN_UNGUARDED_AVAILABILITY = YES_AGGRESSIVE;
				CLANG_WARN_UNREACHABLE_CODE = YES;
				CLANG_WARN__DUPLICATE_METHOD_MATCH = YES;
				COPY_PHASE_STRIP = NO;
				DEBUG_INFORMATION_FORMAT = "dwarf-with-dsym";
				ENABLE_NS_ASSERTIONS = NO;
				ENABLE_STRICT_OBJC_MSGSEND = YES;
				GCC_C_LANGUAGE_STANDARD = gnu11;
				GCC_NO_COMMON_BLOCKS = YES;
				GCC_WARN_64_TO_32_BIT_CONVERSION = YES;
				GCC_WARN_ABOUT_RETURN_TYPE = YES_ERROR;
				GCC_WARN_UNDECLARED_SELECTOR = YES;
				GCC_WARN_UNINITIALIZED_AUTOS = YES_AGGRESSIVE;
				GCC_WARN_UNUSED_FUNCTION = YES;
				GCC_WARN_UNUSED_VARIABLE = YES;
				MACOSX_DEPLOYMENT_TARGET = 10.15;
				MTL_ENABLE_DEBUG_INFO = NO;
				MTL_FAST_MATH = YES;
				SDKROOT = macosx;
				SWIFT_COMPILATION_MODE = wholemodule;
				SWIFT_OPTIMIZATION_LEVEL = "-O";
			};
			name = Release;
		};
		4271830D2424E0CC00E9138E /* Debug */ = {
			isa = XCBuildConfiguration;
			buildSettings = {
				ASSETCATALOG_COMPILER_APPICON_NAME = AppIcon;
				CODE_SIGN_ENTITLEMENTS = CrashBandicooter/CrashBandicooter.entitlements;
				CODE_SIGN_STYLE = Automatic;
				COMBINE_HIDPI_IMAGES = YES;
				CURRENT_PROJECT_VERSION = 3;
				DEVELOPMENT_TEAM = FR4Z9GU3K2;
				ENABLE_HARDENED_RUNTIME = YES;
				INFOPLIST_FILE = CrashBandicooter/Info.plist;
				LD_RUNPATH_SEARCH_PATHS = (
					"$(inherited)",
					"@executable_path/../Frameworks",
				);
				MACOSX_DEPLOYMENT_TARGET = 10.13;
				MARKETING_VERSION = 1.0.2;
				PRODUCT_BUNDLE_IDENTIFIER = com.notjosh.CrashBandicooter;
				PRODUCT_NAME = "$(TARGET_NAME)";
				SWIFT_VERSION = 5.0;
			};
			name = Debug;
		};
		4271830E2424E0CC00E9138E /* Release */ = {
			isa = XCBuildConfiguration;
			buildSettings = {
				ASSETCATALOG_COMPILER_APPICON_NAME = AppIcon;
				CODE_SIGN_ENTITLEMENTS = CrashBandicooter/CrashBandicooter.entitlements;
				CODE_SIGN_STYLE = Automatic;
				COMBINE_HIDPI_IMAGES = YES;
				CURRENT_PROJECT_VERSION = 3;
				DEVELOPMENT_TEAM = FR4Z9GU3K2;
				ENABLE_HARDENED_RUNTIME = YES;
				INFOPLIST_FILE = CrashBandicooter/Info.plist;
				LD_RUNPATH_SEARCH_PATHS = (
					"$(inherited)",
					"@executable_path/../Frameworks",
				);
				MACOSX_DEPLOYMENT_TARGET = 10.13;
				MARKETING_VERSION = 1.0.2;
				PRODUCT_BUNDLE_IDENTIFIER = com.notjosh.CrashBandicooter;
				PRODUCT_NAME = "$(TARGET_NAME)";
				SWIFT_VERSION = 5.0;
			};
			name = Release;
		};
/* End XCBuildConfiguration section */

/* Begin XCConfigurationList section */
		427182F72424E0C600E9138E /* Build configuration list for PBXProject "CrashBandicooter" */ = {
			isa = XCConfigurationList;
			buildConfigurations = (
				4271830A2424E0CC00E9138E /* Debug */,
				4271830B2424E0CC00E9138E /* Release */,
			);
			defaultConfigurationIsVisible = 0;
			defaultConfigurationName = Release;
		};
		4271830C2424E0CC00E9138E /* Build configuration list for PBXNativeTarget "CrashBandicooter" */ = {
			isa = XCConfigurationList;
			buildConfigurations = (
				4271830D2424E0CC00E9138E /* Debug */,
				4271830E2424E0CC00E9138E /* Release */,
			);
			defaultConfigurationIsVisible = 0;
			defaultConfigurationName = Release;
		};
/* End XCConfigurationList section */
	};
	rootObject = 427182F42424E0C600E9138E /* Project object */;
}
